
Microsoft Visual Studio Solution File, Format Version 12.00
# Visual Studio Version 17
VisualStudioVersion = 17.11.35219.272
MinimumVisualStudioVersion = 10.0.40219.1
Project("{FAE04EC0-301F-11D3-BF4B-00C04F79EFBC}") = "RabbitMQ.Publisher", "RabbitMQ.Publisher\RabbitMQ.Publisher.csproj", "{4132F259-24F3-4586-8BFC-C9C230C5A75E}"
EndProject
Project("{FAE04EC0-301F-11D3-BF4B-00C04F79EFBC}") = "RabbitMQ.Subscriber", "RabbitMQ.subscriber\RabbitMQ.Subscriber.csproj", "{54F74BFC-7176-492D-B67E-822075D540C9}"
EndProject
Global
	GlobalSection(SolutionConfigurationPlatforms) = preSolution
		Debug|Any CPU = Debug|Any CPU
		Release|Any CPU = Release|Any CPU
	EndGlobalSection
	GlobalSection(ProjectConfigurationPlatforms) = postSolution
		{4132F259-24F3-4586-8BFC-C9C230C5A75E}.Debug|Any CPU.ActiveCfg = Debug|Any CPU
		{4132F259-24F3-4586-8BFC-C9C230C5A75E}.Debug|Any CPU.Build.0 = Debug|Any CPU
		{4132F259-24F3-4586-8BFC-C9C230C5A75E}.Release|Any CPU.ActiveCfg = Release|Any CPU
		{4132F259-24F3-4586-8BFC-C9C230C5A75E}.Release|Any CPU.Build.0 = Release|Any CPU
		{54F74BFC-7176-492D-B67E-822075D540C9}.Debug|Any CPU.ActiveCfg = Debug|Any CPU
		{54F74BFC-7176-492D-B67E-822075D540C9}.Debug|Any CPU.Build.0 = Debug|Any CPU
		{54F74BFC-7176-492D-B67E-822075D540C9}.Release|Any CPU.ActiveCfg = Release|Any CPU
		{54F74BFC-7176-492D-B67E-822075D540C9}.Release|Any CPU.Build.0 = Release|Any CPU
	EndGlobalSection
	GlobalSection(SolutionProperties) = preSolution
		HideSolutionNode = FALSE
	EndGlobalSection
	GlobalSection(ExtensibilityGlobals) = postSolution
		SolutionGuid = {68F87F71-12A0-4015-ABF7-BFBAE3A20D94}
	EndGlobalSection
EndGlobal
